
Microsoft Visual Studio Solution File, Format Version 12.00
# Visual Studio Version 17
VisualStudioVersion = 17.12.35707.178
MinimumVisualStudioVersion = 10.0.40219.1
Project("{FAE04EC0-301F-11D3-BF4B-00C04F79EFBC}") = "ToDoApp", "ToDoApp\ToDoApp.csproj", "{A51C08F3-A98D-43A0-B6E1-AEFB6B372DFE}"
EndProject
Project("{FAE04EC0-301F-11D3-BF4B-00C04F79EFBC}") = "ToDoTests", "ToDoTests\ToDoTests.csproj", "{CFF1D240-3FA4-4986-BFC8-F2C9E5305D17}"
EndProject
Global
	GlobalSection(SolutionConfigurationPlatforms) = preSolution
		Debug|Any CPU = Debug|Any CPU
		Release|Any CPU = Release|Any CPU
	EndGlobalSection
	GlobalSection(ProjectConfigurationPlatforms) = postSolution
		{A51C08F3-A98D-43A0-B6E1-AEFB6B372DFE}.Debug|Any CPU.ActiveCfg = Debug|Any CPU
		{A51C08F3-A98D-43A0-B6E1-AEFB6B372DFE}.Debug|Any CPU.Build.0 = Debug|Any CPU
		{A51C08F3-A98D-43A0-B6E1-AEFB6B372DFE}.Release|Any CPU.ActiveCfg = Release|Any CPU
		{A51C08F3-A98D-43A0-B6E1-AEFB6B372DFE}.Release|Any CPU.Build.0 = Release|Any CPU
		{CFF1D240-3FA4-4986-BFC8-F2C9E5305D17}.Debug|Any CPU.ActiveCfg = Debug|Any CPU
		{CFF1D240-3FA4-4986-BFC8-F2C9E5305D17}.Debug|Any CPU.Build.0 = Debug|Any CPU
		{CFF1D240-3FA4-4986-BFC8-F2C9E5305D17}.Release|Any CPU.ActiveCfg = Release|Any CPU
		{CFF1D240-3FA4-4986-BFC8-F2C9E5305D17}.Release|Any CPU.Build.0 = Release|Any CPU
	EndGlobalSection
	GlobalSection(SolutionProperties) = preSolution
		HideSolutionNode = FALSE
	EndGlobalSection
	GlobalSection(ExtensibilityGlobals) = postSolution
		SolutionGuid = {666AADDF-F2F2-47D4-9A68-8BFE5714BAE6}
	EndGlobalSection
EndGlobal
